
Microsoft Visual Studio Solution File, Format Version 12.00
# Visual Studio Version 16
VisualStudioVersion = 16.0.810.13
MinimumVisualStudioVersion = 10.0.40219.1
Project("{FAE04EC0-301F-11D3-BF4B-00C04F79EFBC}") = "eshop_srytr", "eshop_srytr.csproj", "{4BE7DE88-7471-4D70-B03E-2C84B236A499}"
EndProject
Global
	GlobalSection(SolutionConfigurationPlatforms) = preSolution
		Debug|Any CPU = Debug|Any CPU
		Release|Any CPU = Release|Any CPU
	EndGlobalSection
	GlobalSection(ProjectConfigurationPlatforms) = postSolution
		{4BE7DE88-7471-4D70-B03E-2C84B236A499}.Debug|Any CPU.ActiveCfg = Debug|Any CPU
		{4BE7DE88-7471-4D70-B03E-2C84B236A499}.Debug|Any CPU.Build.0 = Debug|Any CPU
		{4BE7DE88-7471-4D70-B03E-2C84B236A499}.Release|Any CPU.ActiveCfg = Release|Any CPU
		{4BE7DE88-7471-4D70-B03E-2C84B236A499}.Release|Any CPU.Build.0 = Release|Any CPU
	EndGlobalSection
	GlobalSection(SolutionProperties) = preSolution
		HideSolutionNode = FALSE
	EndGlobalSection
	GlobalSection(ExtensibilityGlobals) = postSolution
		SolutionGuid = {0A1118EE-AD70-4D02-9486-EFA3E3AB4DC5}
	EndGlobalSection
EndGlobal
